
Microsoft Visual Studio Solution File, Format Version 12.00
# Visual Studio 15
VisualStudioVersion = 15.0.26730.15
MinimumVisualStudioVersion = 10.0.40219.1
Project("{FAE04EC0-301F-11D3-BF4B-00C04F79EFBC}") = "WebSocket.Server", "WebSocket.Server\WebSocket.Server.csproj", "{63880783-1CC4-47A5-86C6-A7656A972C04}"
EndProject
Global
	GlobalSection(SolutionConfigurationPlatforms) = preSolution
		Debug|Any CPU = Debug|Any CPU
		Release|Any CPU = Release|Any CPU
	EndGlobalSection
	GlobalSection(ProjectConfigurationPlatforms) = postSolution
		{63880783-1CC4-47A5-86C6-A7656A972C04}.Debug|Any CPU.ActiveCfg = Debug|Any CPU
		{63880783-1CC4-47A5-86C6-A7656A972C04}.Debug|Any CPU.Build.0 = Debug|Any CPU
		{63880783-1CC4-47A5-86C6-A7656A972C04}.Release|Any CPU.ActiveCfg = Release|Any CPU
		{63880783-1CC4-47A5-86C6-A7656A972C04}.Release|Any CPU.Build.0 = Release|Any CPU
	EndGlobalSection
	GlobalSection(SolutionProperties) = preSolution
		HideSolutionNode = FALSE
	EndGlobalSection
	GlobalSection(ExtensibilityGlobals) = postSolution
		SolutionGuid = {38E6FEB2-73E0-408B-BDB1-FCF5836CF6CB}
	EndGlobalSection
EndGlobal
