
Microsoft Visual Studio Solution File, Format Version 12.00
# Visual Studio 15
VisualStudioVersion = 15.0.26730.15
MinimumVisualStudioVersion = 10.0.40219.1
Project("{FAE04EC0-301F-11D3-BF4B-00C04F79EFBC}") = "WebSocket.Server", "WebSocket.Server\WebSocket.Server.csproj", "{63880783-1CC4-47A5-86C6-A7656A972C04}"
EndProject
Project("{FAE04EC0-301F-11D3-BF4B-00C04F79EFBC}") = "WebSocket.Client", "WebSocket.Client\WebSocket.Client.csproj", "{D111B854-8A7A-43DA-BB29-8CC696F9E9FE}"
EndProject
Project("{FAE04EC0-301F-11D3-BF4B-00C04F79EFBC}") = "testClient", "testClient\testClient.csproj", "{21ACC125-3318-438B-A7C3-EFFE3CBCEB8F}"
EndProject
Project("{FAE04EC0-301F-11D3-BF4B-00C04F79EFBC}") = "WebSocket.Data", "WebSocket.Data\WebSocket.Data.csproj", "{A76B52D4-DD07-42C7-B1B7-EBBB5F5D277B}"
EndProject
Project("{FAE04EC0-301F-11D3-BF4B-00C04F79EFBC}") = "IClient", "IClient\IClient.csproj", "{5622CF23-C144-435B-B364-4EE6C89D7E8C}"
EndProject
Global
	GlobalSection(SolutionConfigurationPlatforms) = preSolution
		Debug|Any CPU = Debug|Any CPU
		Release|Any CPU = Release|Any CPU
	EndGlobalSection
	GlobalSection(ProjectConfigurationPlatforms) = postSolution
		{63880783-1CC4-47A5-86C6-A7656A972C04}.Debug|Any CPU.ActiveCfg = Debug|Any CPU
		{63880783-1CC4-47A5-86C6-A7656A972C04}.Debug|Any CPU.Build.0 = Debug|Any CPU
		{63880783-1CC4-47A5-86C6-A7656A972C04}.Release|Any CPU.ActiveCfg = Release|Any CPU
		{63880783-1CC4-47A5-86C6-A7656A972C04}.Release|Any CPU.Build.0 = Release|Any CPU
		{D111B854-8A7A-43DA-BB29-8CC696F9E9FE}.Debug|Any CPU.ActiveCfg = Debug|Any CPU
		{D111B854-8A7A-43DA-BB29-8CC696F9E9FE}.Debug|Any CPU.Build.0 = Debug|Any CPU
		{D111B854-8A7A-43DA-BB29-8CC696F9E9FE}.Release|Any CPU.ActiveCfg = Release|Any CPU
		{D111B854-8A7A-43DA-BB29-8CC696F9E9FE}.Release|Any CPU.Build.0 = Release|Any CPU
		{21ACC125-3318-438B-A7C3-EFFE3CBCEB8F}.Debug|Any CPU.ActiveCfg = Debug|Any CPU
		{21ACC125-3318-438B-A7C3-EFFE3CBCEB8F}.Debug|Any CPU.Build.0 = Debug|Any CPU
		{21ACC125-3318-438B-A7C3-EFFE3CBCEB8F}.Release|Any CPU.ActiveCfg = Release|Any CPU
		{21ACC125-3318-438B-A7C3-EFFE3CBCEB8F}.Release|Any CPU.Build.0 = Release|Any CPU
		{A76B52D4-DD07-42C7-B1B7-EBBB5F5D277B}.Debug|Any CPU.ActiveCfg = Debug|Any CPU
		{A76B52D4-DD07-42C7-B1B7-EBBB5F5D277B}.Debug|Any CPU.Build.0 = Debug|Any CPU
		{A76B52D4-DD07-42C7-B1B7-EBBB5F5D277B}.Release|Any CPU.ActiveCfg = Release|Any CPU
		{A76B52D4-DD07-42C7-B1B7-EBBB5F5D277B}.Release|Any CPU.Build.0 = Release|Any CPU
		{5622CF23-C144-435B-B364-4EE6C89D7E8C}.Debug|Any CPU.ActiveCfg = Debug|Any CPU
		{5622CF23-C144-435B-B364-4EE6C89D7E8C}.Debug|Any CPU.Build.0 = Debug|Any CPU
		{5622CF23-C144-435B-B364-4EE6C89D7E8C}.Release|Any CPU.ActiveCfg = Release|Any CPU
		{5622CF23-C144-435B-B364-4EE6C89D7E8C}.Release|Any CPU.Build.0 = Release|Any CPU
	EndGlobalSection
	GlobalSection(SolutionProperties) = preSolution
		HideSolutionNode = FALSE
	EndGlobalSection
	GlobalSection(ExtensibilityGlobals) = postSolution
		SolutionGuid = {38E6FEB2-73E0-408B-BDB1-FCF5836CF6CB}
	EndGlobalSection
EndGlobal
