
Microsoft Visual Studio Solution File, Format Version 12.00
# Visual Studio 15
VisualStudioVersion = 15.0.26730.15
MinimumVisualStudioVersion = 10.0.40219.1
Project("{FAE04EC0-301F-11D3-BF4B-00C04F79EFBC}") = "TcpClientServer.Data", "TcpClientServer.Data\TcpClientServer.Data.csproj", "{F36B141D-4410-4FEA-A6E4-8363D0F731C5}"
EndProject
Project("{FAE04EC0-301F-11D3-BF4B-00C04F79EFBC}") = "TcpClientServer.Server", "TcpClientServer.Server\TcpClientServer.Server.csproj", "{7BD5C132-6BC6-40FD-8167-9897CB80CE1A}"
EndProject
Project("{FAE04EC0-301F-11D3-BF4B-00C04F79EFBC}") = "ITcpClientServer", "ITcpClientServer\ITcpClientServer.csproj", "{F1EDF2F7-8C1A-43EF-9168-3E55EDF3352F}"
EndProject
Project("{FAE04EC0-301F-11D3-BF4B-00C04F79EFBC}") = "SuperSocketClient", "SuperSocketClient\SuperSocketClient.csproj", "{C2ACA007-0E3D-4BA8-89AE-8AF397813914}"
EndProject
Project("{FAE04EC0-301F-11D3-BF4B-00C04F79EFBC}") = "testClient", "testClient\testClient.csproj", "{46AF3397-F607-4CDD-98E2-61F9A0709E97}"
EndProject
Global
	GlobalSection(SolutionConfigurationPlatforms) = preSolution
		Debug|Any CPU = Debug|Any CPU
		Release|Any CPU = Release|Any CPU
	EndGlobalSection
	GlobalSection(ProjectConfigurationPlatforms) = postSolution
		{F36B141D-4410-4FEA-A6E4-8363D0F731C5}.Debug|Any CPU.ActiveCfg = Debug|Any CPU
		{F36B141D-4410-4FEA-A6E4-8363D0F731C5}.Debug|Any CPU.Build.0 = Debug|Any CPU
		{F36B141D-4410-4FEA-A6E4-8363D0F731C5}.Release|Any CPU.ActiveCfg = Release|Any CPU
		{F36B141D-4410-4FEA-A6E4-8363D0F731C5}.Release|Any CPU.Build.0 = Release|Any CPU
		{7BD5C132-6BC6-40FD-8167-9897CB80CE1A}.Debug|Any CPU.ActiveCfg = Debug|Any CPU
		{7BD5C132-6BC6-40FD-8167-9897CB80CE1A}.Debug|Any CPU.Build.0 = Debug|Any CPU
		{7BD5C132-6BC6-40FD-8167-9897CB80CE1A}.Release|Any CPU.ActiveCfg = Release|Any CPU
		{7BD5C132-6BC6-40FD-8167-9897CB80CE1A}.Release|Any CPU.Build.0 = Release|Any CPU
		{F1EDF2F7-8C1A-43EF-9168-3E55EDF3352F}.Debug|Any CPU.ActiveCfg = Debug|Any CPU
		{F1EDF2F7-8C1A-43EF-9168-3E55EDF3352F}.Debug|Any CPU.Build.0 = Debug|Any CPU
		{F1EDF2F7-8C1A-43EF-9168-3E55EDF3352F}.Release|Any CPU.ActiveCfg = Release|Any CPU
		{F1EDF2F7-8C1A-43EF-9168-3E55EDF3352F}.Release|Any CPU.Build.0 = Release|Any CPU
		{C2ACA007-0E3D-4BA8-89AE-8AF397813914}.Debug|Any CPU.ActiveCfg = Debug|Any CPU
		{C2ACA007-0E3D-4BA8-89AE-8AF397813914}.Debug|Any CPU.Build.0 = Debug|Any CPU
		{C2ACA007-0E3D-4BA8-89AE-8AF397813914}.Release|Any CPU.ActiveCfg = Release|Any CPU
		{C2ACA007-0E3D-4BA8-89AE-8AF397813914}.Release|Any CPU.Build.0 = Release|Any CPU
		{46AF3397-F607-4CDD-98E2-61F9A0709E97}.Debug|Any CPU.ActiveCfg = Debug|Any CPU
		{46AF3397-F607-4CDD-98E2-61F9A0709E97}.Debug|Any CPU.Build.0 = Debug|Any CPU
		{46AF3397-F607-4CDD-98E2-61F9A0709E97}.Release|Any CPU.ActiveCfg = Release|Any CPU
		{46AF3397-F607-4CDD-98E2-61F9A0709E97}.Release|Any CPU.Build.0 = Release|Any CPU
	EndGlobalSection
	GlobalSection(SolutionProperties) = preSolution
		HideSolutionNode = FALSE
	EndGlobalSection
	GlobalSection(ExtensibilityGlobals) = postSolution
		SolutionGuid = {10EE517B-B36B-4E35-8E75-CC4BC56049FC}
	EndGlobalSection
EndGlobal
